
Microsoft Visual Studio Solution File, Format Version 12.00
# Visual Studio 14
VisualStudioVersion = 14.0.25420.1
MinimumVisualStudioVersion = 10.0.40219.1
Project("{FAE04EC0-301F-11D3-BF4B-00C04F79EFBC}") = "AlexandriaStrawter_CE01", "AlexandriaStrawter_CE01\AlexandriaStrawter_CE01.csproj", "{457D91EB-0F81-416C-A608-BC9F2642B48C}"
EndProject
Global
	GlobalSection(SolutionConfigurationPlatforms) = preSolution
		Debug|Any CPU = Debug|Any CPU
		Release|Any CPU = Release|Any CPU
	EndGlobalSection
	GlobalSection(ProjectConfigurationPlatforms) = postSolution
		{457D91EB-0F81-416C-A608-BC9F2642B48C}.Debug|Any CPU.ActiveCfg = Debug|Any CPU
		{457D91EB-0F81-416C-A608-BC9F2642B48C}.Debug|Any CPU.Build.0 = Debug|Any CPU
		{457D91EB-0F81-416C-A608-BC9F2642B48C}.Release|Any CPU.ActiveCfg = Release|Any CPU
		{457D91EB-0F81-416C-A608-BC9F2642B48C}.Release|Any CPU.Build.0 = Release|Any CPU
	EndGlobalSection
	GlobalSection(SolutionProperties) = preSolution
		HideSolutionNode = FALSE
	EndGlobalSection
EndGlobal
